
Microsoft Visual Studio Solution File, Format Version 12.00
# Visual Studio Version 17
VisualStudioVersion = 17.0.32014.148
MinimumVisualStudioVersion = 10.0.40219.1
Project("{9A19103F-16F7-4668-BE54-9A1E7A4F7556}") = "TrueStoryMVC", "TrueStoryMVC.csproj", "{CF4B724D-3534-4D21-995C-CA32B069C9CB}"
EndProject
Global
	GlobalSection(SolutionConfigurationPlatforms) = preSolution
		Debug|Any CPU = Debug|Any CPU
		Release|Any CPU = Release|Any CPU
	EndGlobalSection
	GlobalSection(ProjectConfigurationPlatforms) = postSolution
		{CF4B724D-3534-4D21-995C-CA32B069C9CB}.Debug|Any CPU.ActiveCfg = Debug|Any CPU
		{CF4B724D-3534-4D21-995C-CA32B069C9CB}.Debug|Any CPU.Build.0 = Debug|Any CPU
		{CF4B724D-3534-4D21-995C-CA32B069C9CB}.Release|Any CPU.ActiveCfg = Release|Any CPU
		{CF4B724D-3534-4D21-995C-CA32B069C9CB}.Release|Any CPU.Build.0 = Release|Any CPU
	EndGlobalSection
	GlobalSection(SolutionProperties) = preSolution
		HideSolutionNode = FALSE
	EndGlobalSection
	GlobalSection(ExtensibilityGlobals) = postSolution
		SolutionGuid = {4BCA0FBB-3D6A-4183-9B8A-87D1F3CECFC6}
	EndGlobalSection
EndGlobal
